
Microsoft Visual Studio Solution File, Format Version 12.00
# Visual Studio Version 17
VisualStudioVersion = 17.11.35312.102
MinimumVisualStudioVersion = 10.0.40219.1
Project("{FAE04EC0-301F-11D3-BF4B-00C04F79EFBC}") = "OOP", "OOP.csproj", "{9698112B-8685-488F-AB68-067A6D2CE343}"
EndProject
Global
	GlobalSection(SolutionConfigurationPlatforms) = preSolution
		Debug|Any CPU = Debug|Any CPU
		Release|Any CPU = Release|Any CPU
	EndGlobalSection
	GlobalSection(ProjectConfigurationPlatforms) = postSolution
		{9698112B-8685-488F-AB68-067A6D2CE343}.Debug|Any CPU.ActiveCfg = Debug|Any CPU
		{9698112B-8685-488F-AB68-067A6D2CE343}.Debug|Any CPU.Build.0 = Debug|Any CPU
		{9698112B-8685-488F-AB68-067A6D2CE343}.Release|Any CPU.ActiveCfg = Release|Any CPU
		{9698112B-8685-488F-AB68-067A6D2CE343}.Release|Any CPU.Build.0 = Release|Any CPU
	EndGlobalSection
	GlobalSection(SolutionProperties) = preSolution
		HideSolutionNode = FALSE
	EndGlobalSection
	GlobalSection(ExtensibilityGlobals) = postSolution
		SolutionGuid = {C22DEE2D-096F-4AD9-9472-C65B463D7E0D}
	EndGlobalSection
EndGlobal
